// !$*UTF8*$!
{
	archiveVersion = 1;
	classes = {
	};
	objectVersion = 56;
	objects = {

/* Begin PBXBuildFile section */
		0456A8132BEEF8EB00FA07F7 /* Brush_BuddiesApp.swift in Sources */ = {isa = PBXBuildFile; fileRef = 0456A8122BEEF8EB00FA07F7 /* Brush_BuddiesApp.swift */; };
		0456A8152BEEF8EB00FA07F7 /* ContentView.swift in Sources */ = {isa = PBXBuildFile; fileRef = 0456A8142BEEF8EB00FA07F7 /* ContentView.swift */; };
		0456A8172BEEF8ED00FA07F7 /* Assets.xcassets in Resources */ = {isa = PBXBuildFile; fileRef = 0456A8162BEEF8ED00FA07F7 /* Assets.xcassets */; };
		0456A81A2BEEF8ED00FA07F7 /* Preview Assets.xcassets in Resources */ = {isa = PBXBuildFile; fileRef = 0456A8192BEEF8ED00FA07F7 /* Preview Assets.xcassets */; };
		0456A85D2BEF015300FA07F7 /* WidgetKit.framework in Frameworks */ = {isa = PBXBuildFile; fileRef = 0456A85C2BEF015300FA07F7 /* WidgetKit.framework */; };
		0456A85F2BEF015300FA07F7 /* SwiftUI.framework in Frameworks */ = {isa = PBXBuildFile; fileRef = 0456A85E2BEF015300FA07F7 /* SwiftUI.framework */; };
		0456A8622BEF015300FA07F7 /* Streak_WidgetBundle.swift in Sources */ = {isa = PBXBuildFile; fileRef = 0456A8612BEF015300FA07F7 /* Streak_WidgetBundle.swift */; };
		0456A8642BEF015300FA07F7 /* Streak_WidgetLiveActivity.swift in Sources */ = {isa = PBXBuildFile; fileRef = 0456A8632BEF015300FA07F7 /* Streak_WidgetLiveActivity.swift */; };
		0456A8662BEF015300FA07F7 /* Streak_Widget.swift in Sources */ = {isa = PBXBuildFile; fileRef = 0456A8652BEF015300FA07F7 /* Streak_Widget.swift */; };
		0456A8682BEF015300FA07F7 /* AppIntent.swift in Sources */ = {isa = PBXBuildFile; fileRef = 0456A8672BEF015300FA07F7 /* AppIntent.swift */; };
		0456A86A2BEF015400FA07F7 /* Assets.xcassets in Resources */ = {isa = PBXBuildFile; fileRef = 0456A8692BEF015400FA07F7 /* Assets.xcassets */; };
		0456A86E2BEF015400FA07F7 /* Streak WidgetExtension.appex in Embed Foundation Extensions */ = {isa = PBXBuildFile; fileRef = 0456A85A2BEF015300FA07F7 /* Streak WidgetExtension.appex */; settings = {ATTRIBUTES = (RemoveHeadersOnCopy, ); }; };
		04F913E82BEFAD3900680B2B /* SplashScreenView.swift in Sources */ = {isa = PBXBuildFile; fileRef = 04F913E72BEFAD3900680B2B /* SplashScreenView.swift */; };
		04F913EA2BEFB0CF00680B2B /* TimerView.swift in Sources */ = {isa = PBXBuildFile; fileRef = 04F913E92BEFB0CF00680B2B /* TimerView.swift */; };
/* End PBXBuildFile section */

/* Begin PBXContainerItemProxy section */
		0456A86C2BEF015400FA07F7 /* PBXContainerItemProxy */ = {
			isa = PBXContainerItemProxy;
			containerPortal = 0456A8072BEEF8EB00FA07F7 /* Project object */;
			proxyType = 1;
			remoteGlobalIDString = 0456A8592BEF015300FA07F7;
			remoteInfo = "Streak WidgetExtension";
		};
/* End PBXContainerItemProxy section */

/* Begin PBXCopyFilesBuildPhase section */
		0456A86F2BEF015400FA07F7 /* Embed Foundation Extensions */ = {
			isa = PBXCopyFilesBuildPhase;
			buildActionMask = 2147483647;
			dstPath = "";
			dstSubfolderSpec = 13;
			files = (
				0456A86E2BEF015400FA07F7 /* Streak WidgetExtension.appex in Embed Foundation Extensions */,
			);
			name = "Embed Foundation Extensions";
			runOnlyForDeploymentPostprocessing = 0;
		};
/* End PBXCopyFilesBuildPhase section */

/* Begin PBXFileReference section */
<<<<<<< HEAD:BloomSketch/BloomSketch.xcodeproj/project.pbxproj
		044644192BF49EEC00A86162 /* Preview Assets.xcassets */ = {isa = PBXFileReference; lastKnownFileType = folder.assetcatalog; path = "Preview Assets.xcassets"; sourceTree = "<group>"; };
		0446441B2BF49EEC00A86162 /* Assets.xcassets */ = {isa = PBXFileReference; lastKnownFileType = folder.assetcatalog; path = Assets.xcassets; sourceTree = "<group>"; };
		0446441C2BF49EEC00A86162 /* Bloom_SketchApp.swift */ = {isa = PBXFileReference; fileEncoding = 4; lastKnownFileType = sourcecode.swift; path = Bloom_SketchApp.swift; sourceTree = "<group>"; };
		0446441D2BF49EEC00A86162 /* ContentView.swift */ = {isa = PBXFileReference; fileEncoding = 4; lastKnownFileType = sourcecode.swift; path = ContentView.swift; sourceTree = "<group>"; };
		0446441E2BF49EEC00A86162 /* SplashScreenView.swift */ = {isa = PBXFileReference; fileEncoding = 4; lastKnownFileType = sourcecode.swift; path = SplashScreenView.swift; sourceTree = "<group>"; };
		0446441F2BF49EEC00A86162 /* TimerView.swift */ = {isa = PBXFileReference; fileEncoding = 4; lastKnownFileType = sourcecode.swift; path = TimerView.swift; sourceTree = "<group>"; };
<<<<<<< HEAD:Brush Buddies/Brush Buddies.xcodeproj/project.pbxproj
<<<<<<< HEAD:Brush Buddies/Brush Buddies.xcodeproj/project.pbxproj
<<<<<<< HEAD:Brush Buddies/Brush Buddies.xcodeproj/project.pbxproj
<<<<<<< HEAD:Brush Buddies/Brush Buddies.xcodeproj/project.pbxproj
		0456A80F2BEEF8EB00FA07F7 /* BloomSketch.app */ = {isa = PBXFileReference; explicitFileType = wrapper.application; includeInIndex = 0; path = BloomSketch.app; sourceTree = BUILT_PRODUCTS_DIR; };
=======
		0456A80F2BEEF8EB00FA07F7 /* Brush Buddies.app */ = {isa = PBXFileReference; explicitFileType = wrapper.application; includeInIndex = 0; path = "Brush Buddies.app"; sourceTree = BUILT_PRODUCTS_DIR; };
		0456A8122BEEF8EB00FA07F7 /* Brush_BuddiesApp.swift */ = {isa = PBXFileReference; lastKnownFileType = sourcecode.swift; path = Brush_BuddiesApp.swift; sourceTree = "<group>"; };
		0456A8142BEEF8EB00FA07F7 /* ContentView.swift */ = {isa = PBXFileReference; lastKnownFileType = sourcecode.swift; path = ContentView.swift; sourceTree = "<group>"; };
		0456A8162BEEF8ED00FA07F7 /* Assets.xcassets */ = {isa = PBXFileReference; lastKnownFileType = folder.assetcatalog; path = Assets.xcassets; sourceTree = "<group>"; };
		0456A8192BEEF8ED00FA07F7 /* Preview Assets.xcassets */ = {isa = PBXFileReference; lastKnownFileType = folder.assetcatalog; path = "Preview Assets.xcassets"; sourceTree = "<group>"; };
>>>>>>> parent of a7c0b2b (Create README.md):Brush Buddies/Brush Buddies.xcodeproj/project.pbxproj
=======
		0456A80F2BEEF8EB00FA07F7 /* Brush Buddies.app */ = {isa = PBXFileReference; explicitFileType = wrapper.application; includeInIndex = 0; path = "Brush Buddies.app"; sourceTree = BUILT_PRODUCTS_DIR; };
>>>>>>> parent of ec81a6c (BloomSketch rename):BloomSketch/BloomSketch.xcodeproj/project.pbxproj
=======
		0456A80F2BEEF8EB00FA07F7 /* Brush Buddies.app */ = {isa = PBXFileReference; explicitFileType = wrapper.application; includeInIndex = 0; path = "Brush Buddies.app"; sourceTree = BUILT_PRODUCTS_DIR; };
>>>>>>> parent of ec81a6c (BloomSketch rename):BloomSketch/BloomSketch.xcodeproj/project.pbxproj
=======
		0456A80F2BEEF8EB00FA07F7 /* Brush Buddies.app */ = {isa = PBXFileReference; explicitFileType = wrapper.application; includeInIndex = 0; path = "Brush Buddies.app"; sourceTree = BUILT_PRODUCTS_DIR; };
>>>>>>> parent of ec81a6c (BloomSketch rename):BloomSketch/BloomSketch.xcodeproj/project.pbxproj
=======
		0456A80F2BEEF8EB00FA07F7 /* Brush Buddies.app */ = {isa = PBXFileReference; explicitFileType = wrapper.application; includeInIndex = 0; path = "Brush Buddies.app"; sourceTree = BUILT_PRODUCTS_DIR; };
>>>>>>> parent of ec81a6c (BloomSketch rename):BloomSketch/BloomSketch.xcodeproj/project.pbxproj
		0456A85A2BEF015300FA07F7 /* Streak WidgetExtension.appex */ = {isa = PBXFileReference; explicitFileType = "wrapper.app-extension"; includeInIndex = 0; path = "Streak WidgetExtension.appex"; sourceTree = BUILT_PRODUCTS_DIR; };
		0456A85C2BEF015300FA07F7 /* WidgetKit.framework */ = {isa = PBXFileReference; lastKnownFileType = wrapper.framework; name = WidgetKit.framework; path = System/Library/Frameworks/WidgetKit.framework; sourceTree = SDKROOT; };
		0456A85E2BEF015300FA07F7 /* SwiftUI.framework */ = {isa = PBXFileReference; lastKnownFileType = wrapper.framework; name = SwiftUI.framework; path = System/Library/Frameworks/SwiftUI.framework; sourceTree = SDKROOT; };
		0456A8612BEF015300FA07F7 /* Streak_WidgetBundle.swift */ = {isa = PBXFileReference; lastKnownFileType = sourcecode.swift; path = Streak_WidgetBundle.swift; sourceTree = "<group>"; };
		0456A8632BEF015300FA07F7 /* Streak_WidgetLiveActivity.swift */ = {isa = PBXFileReference; lastKnownFileType = sourcecode.swift; path = Streak_WidgetLiveActivity.swift; sourceTree = "<group>"; };
		0456A8652BEF015300FA07F7 /* Streak_Widget.swift */ = {isa = PBXFileReference; lastKnownFileType = sourcecode.swift; path = Streak_Widget.swift; sourceTree = "<group>"; };
		0456A8672BEF015300FA07F7 /* AppIntent.swift */ = {isa = PBXFileReference; lastKnownFileType = sourcecode.swift; path = AppIntent.swift; sourceTree = "<group>"; };
		0456A8692BEF015400FA07F7 /* Assets.xcassets */ = {isa = PBXFileReference; lastKnownFileType = folder.assetcatalog; path = Assets.xcassets; sourceTree = "<group>"; };
		0456A86B2BEF015400FA07F7 /* Info.plist */ = {isa = PBXFileReference; lastKnownFileType = text.plist.xml; path = Info.plist; sourceTree = "<group>"; };
		04F913E72BEFAD3900680B2B /* SplashScreenView.swift */ = {isa = PBXFileReference; lastKnownFileType = sourcecode.swift; path = SplashScreenView.swift; sourceTree = "<group>"; };
		04F913E92BEFB0CF00680B2B /* TimerView.swift */ = {isa = PBXFileReference; lastKnownFileType = sourcecode.swift; path = TimerView.swift; sourceTree = "<group>"; };
/* End PBXFileReference section */

/* Begin PBXFrameworksBuildPhase section */
		0456A80C2BEEF8EB00FA07F7 /* Frameworks */ = {
			isa = PBXFrameworksBuildPhase;
			buildActionMask = 2147483647;
			files = (
			);
			runOnlyForDeploymentPostprocessing = 0;
		};
		0456A8572BEF015300FA07F7 /* Frameworks */ = {
			isa = PBXFrameworksBuildPhase;
			buildActionMask = 2147483647;
			files = (
				0456A85F2BEF015300FA07F7 /* SwiftUI.framework in Frameworks */,
				0456A85D2BEF015300FA07F7 /* WidgetKit.framework in Frameworks */,
			);
			runOnlyForDeploymentPostprocessing = 0;
		};
/* End PBXFrameworksBuildPhase section */

/* Begin PBXGroup section */
		0456A8062BEEF8EB00FA07F7 = {
			isa = PBXGroup;
			children = (
				0456A8112BEEF8EB00FA07F7 /* Brush Buddies */,
				0456A8602BEF015300FA07F7 /* Streak Widget */,
				0456A85B2BEF015300FA07F7 /* Frameworks */,
				0456A8102BEEF8EB00FA07F7 /* Products */,
			);
			sourceTree = "<group>";
		};
		0456A8102BEEF8EB00FA07F7 /* Products */ = {
			isa = PBXGroup;
			children = (
				0456A80F2BEEF8EB00FA07F7 /* Brush Buddies.app */,
				0456A85A2BEF015300FA07F7 /* Streak WidgetExtension.appex */,
			);
			name = Products;
			sourceTree = "<group>";
		};
		0456A8112BEEF8EB00FA07F7 /* Brush Buddies */ = {
			isa = PBXGroup;
			children = (
				0456A8122BEEF8EB00FA07F7 /* Brush_BuddiesApp.swift */,
				0456A8142BEEF8EB00FA07F7 /* ContentView.swift */,
				04F913E92BEFB0CF00680B2B /* TimerView.swift */,
				04F913E72BEFAD3900680B2B /* SplashScreenView.swift */,
				0456A8162BEEF8ED00FA07F7 /* Assets.xcassets */,
				0456A8182BEEF8ED00FA07F7 /* Preview Content */,
			);
			path = "Brush Buddies";
			sourceTree = "<group>";
		};
		0456A8182BEEF8ED00FA07F7 /* Preview Content */ = {
			isa = PBXGroup;
			children = (
				0456A8192BEEF8ED00FA07F7 /* Preview Assets.xcassets */,
			);
			path = "Preview Content";
			sourceTree = "<group>";
		};
		0456A85B2BEF015300FA07F7 /* Frameworks */ = {
			isa = PBXGroup;
			children = (
				0456A85C2BEF015300FA07F7 /* WidgetKit.framework */,
				0456A85E2BEF015300FA07F7 /* SwiftUI.framework */,
			);
			name = Frameworks;
			sourceTree = "<group>";
		};
		0456A8602BEF015300FA07F7 /* Streak Widget */ = {
			isa = PBXGroup;
			children = (
				0456A8612BEF015300FA07F7 /* Streak_WidgetBundle.swift */,
				0456A8632BEF015300FA07F7 /* Streak_WidgetLiveActivity.swift */,
				0456A8652BEF015300FA07F7 /* Streak_Widget.swift */,
				0456A8672BEF015300FA07F7 /* AppIntent.swift */,
				0456A8692BEF015400FA07F7 /* Assets.xcassets */,
				0456A86B2BEF015400FA07F7 /* Info.plist */,
			);
			path = "Streak Widget";
			sourceTree = "<group>";
		};
/* End PBXGroup section */

/* Begin PBXNativeTarget section */
		0456A80E2BEEF8EB00FA07F7 /* Brush Buddies */ = {
			isa = PBXNativeTarget;
			buildConfigurationList = 0456A81D2BEEF8ED00FA07F7 /* Build configuration list for PBXNativeTarget "Brush Buddies" */;
			buildPhases = (
				0456A80B2BEEF8EB00FA07F7 /* Sources */,
				0456A80C2BEEF8EB00FA07F7 /* Frameworks */,
				0456A80D2BEEF8EB00FA07F7 /* Resources */,
				0456A86F2BEF015400FA07F7 /* Embed Foundation Extensions */,
			);
			buildRules = (
			);
			dependencies = (
				0456A86D2BEF015400FA07F7 /* PBXTargetDependency */,
			);
			name = "Brush Buddies";
			productName = "Brush Buddies";
			productReference = 0456A80F2BEEF8EB00FA07F7 /* Brush Buddies.app */;
			productType = "com.apple.product-type.application";
		};
		0456A8592BEF015300FA07F7 /* Streak WidgetExtension */ = {
			isa = PBXNativeTarget;
			buildConfigurationList = 0456A8722BEF015400FA07F7 /* Build configuration list for PBXNativeTarget "Streak WidgetExtension" */;
			buildPhases = (
				0456A8562BEF015300FA07F7 /* Sources */,
				0456A8572BEF015300FA07F7 /* Frameworks */,
				0456A8582BEF015300FA07F7 /* Resources */,
			);
			buildRules = (
			);
			dependencies = (
			);
			name = "Streak WidgetExtension";
			productName = "Streak WidgetExtension";
			productReference = 0456A85A2BEF015300FA07F7 /* Streak WidgetExtension.appex */;
			productType = "com.apple.product-type.app-extension";
		};
/* End PBXNativeTarget section */

/* Begin PBXProject section */
		0456A8072BEEF8EB00FA07F7 /* Project object */ = {
			isa = PBXProject;
			attributes = {
				BuildIndependentTargetsInParallel = 1;
				LastSwiftUpdateCheck = 1530;
				LastUpgradeCheck = 1530;
				TargetAttributes = {
					0456A80E2BEEF8EB00FA07F7 = {
						CreatedOnToolsVersion = 15.3;
					};
					0456A8592BEF015300FA07F7 = {
						CreatedOnToolsVersion = 15.3;
					};
				};
			};
			buildConfigurationList = 0456A80A2BEEF8EB00FA07F7 /* Build configuration list for PBXProject "Brush Buddies" */;
			compatibilityVersion = "Xcode 14.0";
			developmentRegion = en;
			hasScannedForEncodings = 0;
			knownRegions = (
				en,
				Base,
			);
			mainGroup = 0456A8062BEEF8EB00FA07F7;
			productRefGroup = 0456A8102BEEF8EB00FA07F7 /* Products */;
			projectDirPath = "";
			projectRoot = "";
			targets = (
				0456A80E2BEEF8EB00FA07F7 /* Brush Buddies */,
				0456A8592BEF015300FA07F7 /* Streak WidgetExtension */,
			);
		};
/* End PBXProject section */

/* Begin PBXResourcesBuildPhase section */
		0456A80D2BEEF8EB00FA07F7 /* Resources */ = {
			isa = PBXResourcesBuildPhase;
			buildActionMask = 2147483647;
			files = (
				0456A81A2BEEF8ED00FA07F7 /* Preview Assets.xcassets in Resources */,
				0456A8172BEEF8ED00FA07F7 /* Assets.xcassets in Resources */,
			);
			runOnlyForDeploymentPostprocessing = 0;
		};
		0456A8582BEF015300FA07F7 /* Resources */ = {
			isa = PBXResourcesBuildPhase;
			buildActionMask = 2147483647;
			files = (
				0456A86A2BEF015400FA07F7 /* Assets.xcassets in Resources */,
			);
			runOnlyForDeploymentPostprocessing = 0;
		};
/* End PBXResourcesBuildPhase section */

/* Begin PBXSourcesBuildPhase section */
		0456A80B2BEEF8EB00FA07F7 /* Sources */ = {
			isa = PBXSourcesBuildPhase;
			buildActionMask = 2147483647;
			files = (
				0456A8152BEEF8EB00FA07F7 /* ContentView.swift in Sources */,
				0456A8132BEEF8EB00FA07F7 /* Brush_BuddiesApp.swift in Sources */,
				04F913EA2BEFB0CF00680B2B /* TimerView.swift in Sources */,
				04F913E82BEFAD3900680B2B /* SplashScreenView.swift in Sources */,
			);
			runOnlyForDeploymentPostprocessing = 0;
		};
		0456A8562BEF015300FA07F7 /* Sources */ = {
			isa = PBXSourcesBuildPhase;
			buildActionMask = 2147483647;
			files = (
				0456A8642BEF015300FA07F7 /* Streak_WidgetLiveActivity.swift in Sources */,
				0456A8682BEF015300FA07F7 /* AppIntent.swift in Sources */,
				0456A8622BEF015300FA07F7 /* Streak_WidgetBundle.swift in Sources */,
				0456A8662BEF015300FA07F7 /* Streak_Widget.swift in Sources */,
			);
			runOnlyForDeploymentPostprocessing = 0;
		};
/* End PBXSourcesBuildPhase section */

/* Begin PBXTargetDependency section */
		0456A86D2BEF015400FA07F7 /* PBXTargetDependency */ = {
			isa = PBXTargetDependency;
			target = 0456A8592BEF015300FA07F7 /* Streak WidgetExtension */;
			targetProxy = 0456A86C2BEF015400FA07F7 /* PBXContainerItemProxy */;
		};
/* End PBXTargetDependency section */

/* Begin XCBuildConfiguration section */
		0456A81B2BEEF8ED00FA07F7 /* Debug */ = {
			isa = XCBuildConfiguration;
			buildSettings = {
				ALWAYS_SEARCH_USER_PATHS = NO;
				ASSETCATALOG_COMPILER_GENERATE_SWIFT_ASSET_SYMBOL_EXTENSIONS = YES;
				CLANG_ANALYZER_NONNULL = YES;
				CLANG_ANALYZER_NUMBER_OBJECT_CONVERSION = YES_AGGRESSIVE;
				CLANG_CXX_LANGUAGE_STANDARD = "gnu++20";
				CLANG_ENABLE_MODULES = YES;
				CLANG_ENABLE_OBJC_ARC = YES;
				CLANG_ENABLE_OBJC_WEAK = YES;
				CLANG_WARN_BLOCK_CAPTURE_AUTORELEASING = YES;
				CLANG_WARN_BOOL_CONVERSION = YES;
				CLANG_WARN_COMMA = YES;
				CLANG_WARN_CONSTANT_CONVERSION = YES;
				CLANG_WARN_DEPRECATED_OBJC_IMPLEMENTATIONS = YES;
				CLANG_WARN_DIRECT_OBJC_ISA_USAGE = YES_ERROR;
				CLANG_WARN_DOCUMENTATION_COMMENTS = YES;
				CLANG_WARN_EMPTY_BODY = YES;
				CLANG_WARN_ENUM_CONVERSION = YES;
				CLANG_WARN_INFINITE_RECURSION = YES;
				CLANG_WARN_INT_CONVERSION = YES;
				CLANG_WARN_NON_LITERAL_NULL_CONVERSION = YES;
				CLANG_WARN_OBJC_IMPLICIT_RETAIN_SELF = YES;
				CLANG_WARN_OBJC_LITERAL_CONVERSION = YES;
				CLANG_WARN_OBJC_ROOT_CLASS = YES_ERROR;
				CLANG_WARN_QUOTED_INCLUDE_IN_FRAMEWORK_HEADER = YES;
				CLANG_WARN_RANGE_LOOP_ANALYSIS = YES;
				CLANG_WARN_STRICT_PROTOTYPES = YES;
				CLANG_WARN_SUSPICIOUS_MOVE = YES;
				CLANG_WARN_UNGUARDED_AVAILABILITY = YES_AGGRESSIVE;
				CLANG_WARN_UNREACHABLE_CODE = YES;
				CLANG_WARN__DUPLICATE_METHOD_MATCH = YES;
				COPY_PHASE_STRIP = NO;
				DEBUG_INFORMATION_FORMAT = dwarf;
				ENABLE_STRICT_OBJC_MSGSEND = YES;
				ENABLE_TESTABILITY = YES;
				ENABLE_USER_SCRIPT_SANDBOXING = YES;
				GCC_C_LANGUAGE_STANDARD = gnu17;
				GCC_DYNAMIC_NO_PIC = NO;
				GCC_NO_COMMON_BLOCKS = YES;
				GCC_OPTIMIZATION_LEVEL = 0;
				GCC_PREPROCESSOR_DEFINITIONS = (
					"DEBUG=1",
					"$(inherited)",
				);
				GCC_WARN_64_TO_32_BIT_CONVERSION = YES;
				GCC_WARN_ABOUT_RETURN_TYPE = YES_ERROR;
				GCC_WARN_UNDECLARED_SELECTOR = YES;
				GCC_WARN_UNINITIALIZED_AUTOS = YES_AGGRESSIVE;
				GCC_WARN_UNUSED_FUNCTION = YES;
				GCC_WARN_UNUSED_VARIABLE = YES;
				IPHONEOS_DEPLOYMENT_TARGET = 17.4;
				LOCALIZATION_PREFERS_STRING_CATALOGS = YES;
				MTL_ENABLE_DEBUG_INFO = INCLUDE_SOURCE;
				MTL_FAST_MATH = YES;
				ONLY_ACTIVE_ARCH = YES;
				SDKROOT = iphoneos;
				SWIFT_ACTIVE_COMPILATION_CONDITIONS = "DEBUG $(inherited)";
				SWIFT_OPTIMIZATION_LEVEL = "-Onone";
			};
			name = Debug;
		};
		0456A81C2BEEF8ED00FA07F7 /* Release */ = {
			isa = XCBuildConfiguration;
			buildSettings = {
				ALWAYS_SEARCH_USER_PATHS = NO;
				ASSETCATALOG_COMPILER_GENERATE_SWIFT_ASSET_SYMBOL_EXTENSIONS = YES;
				CLANG_ANALYZER_NONNULL = YES;
				CLANG_ANALYZER_NUMBER_OBJECT_CONVERSION = YES_AGGRESSIVE;
				CLANG_CXX_LANGUAGE_STANDARD = "gnu++20";
				CLANG_ENABLE_MODULES = YES;
				CLANG_ENABLE_OBJC_ARC = YES;
				CLANG_ENABLE_OBJC_WEAK = YES;
				CLANG_WARN_BLOCK_CAPTURE_AUTORELEASING = YES;
				CLANG_WARN_BOOL_CONVERSION = YES;
				CLANG_WARN_COMMA = YES;
				CLANG_WARN_CONSTANT_CONVERSION = YES;
				CLANG_WARN_DEPRECATED_OBJC_IMPLEMENTATIONS = YES;
				CLANG_WARN_DIRECT_OBJC_ISA_USAGE = YES_ERROR;
				CLANG_WARN_DOCUMENTATION_COMMENTS = YES;
				CLANG_WARN_EMPTY_BODY = YES;
				CLANG_WARN_ENUM_CONVERSION = YES;
				CLANG_WARN_INFINITE_RECURSION = YES;
				CLANG_WARN_INT_CONVERSION = YES;
				CLANG_WARN_NON_LITERAL_NULL_CONVERSION = YES;
				CLANG_WARN_OBJC_IMPLICIT_RETAIN_SELF = YES;
				CLANG_WARN_OBJC_LITERAL_CONVERSION = YES;
				CLANG_WARN_OBJC_ROOT_CLASS = YES_ERROR;
				CLANG_WARN_QUOTED_INCLUDE_IN_FRAMEWORK_HEADER = YES;
				CLANG_WARN_RANGE_LOOP_ANALYSIS = YES;
				CLANG_WARN_STRICT_PROTOTYPES = YES;
				CLANG_WARN_SUSPICIOUS_MOVE = YES;
				CLANG_WARN_UNGUARDED_AVAILABILITY = YES_AGGRESSIVE;
				CLANG_WARN_UNREACHABLE_CODE = YES;
				CLANG_WARN__DUPLICATE_METHOD_MATCH = YES;
				COPY_PHASE_STRIP = NO;
				DEBUG_INFORMATION_FORMAT = "dwarf-with-dsym";
				ENABLE_NS_ASSERTIONS = NO;
				ENABLE_STRICT_OBJC_MSGSEND = YES;
				ENABLE_USER_SCRIPT_SANDBOXING = YES;
				GCC_C_LANGUAGE_STANDARD = gnu17;
				GCC_NO_COMMON_BLOCKS = YES;
				GCC_WARN_64_TO_32_BIT_CONVERSION = YES;
				GCC_WARN_ABOUT_RETURN_TYPE = YES_ERROR;
				GCC_WARN_UNDECLARED_SELECTOR = YES;
				GCC_WARN_UNINITIALIZED_AUTOS = YES_AGGRESSIVE;
				GCC_WARN_UNUSED_FUNCTION = YES;
				GCC_WARN_UNUSED_VARIABLE = YES;
				IPHONEOS_DEPLOYMENT_TARGET = 17.4;
				LOCALIZATION_PREFERS_STRING_CATALOGS = YES;
				MTL_ENABLE_DEBUG_INFO = NO;
				MTL_FAST_MATH = YES;
				SDKROOT = iphoneos;
				SWIFT_COMPILATION_MODE = wholemodule;
				VALIDATE_PRODUCT = YES;
			};
			name = Release;
		};
		0456A81E2BEEF8ED00FA07F7 /* Debug */ = {
			isa = XCBuildConfiguration;
			buildSettings = {
				ALWAYS_EMBED_SWIFT_STANDARD_LIBRARIES = YES;
				ASSETCATALOG_COMPILER_APPICON_NAME = AppIcon;
				ASSETCATALOG_COMPILER_GLOBAL_ACCENT_COLOR_NAME = AccentColor;
				CODE_SIGN_STYLE = Automatic;
				CURRENT_PROJECT_VERSION = 1;
				DEVELOPMENT_ASSET_PATHS = "\"Brush Buddies/Preview Content\"";
				ENABLE_PREVIEWS = YES;
				GENERATE_INFOPLIST_FILE = YES;
				INFOPLIST_KEY_UIApplicationSceneManifest_Generation = YES;
				INFOPLIST_KEY_UIApplicationSupportsIndirectInputEvents = YES;
				INFOPLIST_KEY_UILaunchScreen_Generation = YES;
				INFOPLIST_KEY_UISupportedInterfaceOrientations_iPad = "UIInterfaceOrientationPortrait UIInterfaceOrientationPortraitUpsideDown UIInterfaceOrientationLandscapeLeft UIInterfaceOrientationLandscapeRight";
				INFOPLIST_KEY_UISupportedInterfaceOrientations_iPhone = "UIInterfaceOrientationPortrait UIInterfaceOrientationLandscapeLeft UIInterfaceOrientationLandscapeRight";
				LD_RUNPATH_SEARCH_PATHS = (
					"$(inherited)",
					"@executable_path/Frameworks",
				);
				MARKETING_VERSION = 1.0;
				PRODUCT_BUNDLE_IDENTIFIER = "BB.Brush-Buddies";
				PRODUCT_NAME = "$(TARGET_NAME)";
				SWIFT_EMIT_LOC_STRINGS = YES;
				SWIFT_VERSION = 5.0;
				TARGETED_DEVICE_FAMILY = "1,2";
			};
			name = Debug;
		};
		0456A81F2BEEF8ED00FA07F7 /* Release */ = {
			isa = XCBuildConfiguration;
			buildSettings = {
				ALWAYS_EMBED_SWIFT_STANDARD_LIBRARIES = YES;
				ASSETCATALOG_COMPILER_APPICON_NAME = AppIcon;
				ASSETCATALOG_COMPILER_GLOBAL_ACCENT_COLOR_NAME = AccentColor;
				CODE_SIGN_STYLE = Automatic;
				CURRENT_PROJECT_VERSION = 1;
				DEVELOPMENT_ASSET_PATHS = "\"Brush Buddies/Preview Content\"";
				ENABLE_PREVIEWS = YES;
				GENERATE_INFOPLIST_FILE = YES;
				INFOPLIST_KEY_UIApplicationSceneManifest_Generation = YES;
				INFOPLIST_KEY_UIApplicationSupportsIndirectInputEvents = YES;
				INFOPLIST_KEY_UILaunchScreen_Generation = YES;
				INFOPLIST_KEY_UISupportedInterfaceOrientations_iPad = "UIInterfaceOrientationPortrait UIInterfaceOrientationPortraitUpsideDown UIInterfaceOrientationLandscapeLeft UIInterfaceOrientationLandscapeRight";
				INFOPLIST_KEY_UISupportedInterfaceOrientations_iPhone = "UIInterfaceOrientationPortrait UIInterfaceOrientationLandscapeLeft UIInterfaceOrientationLandscapeRight";
				LD_RUNPATH_SEARCH_PATHS = (
					"$(inherited)",
					"@executable_path/Frameworks",
				);
				MARKETING_VERSION = 1.0;
				PRODUCT_BUNDLE_IDENTIFIER = "BB.Brush-Buddies";
				PRODUCT_NAME = "$(TARGET_NAME)";
				SWIFT_EMIT_LOC_STRINGS = YES;
				SWIFT_VERSION = 5.0;
				TARGETED_DEVICE_FAMILY = "1,2";
			};
			name = Release;
		};
		0456A8702BEF015400FA07F7 /* Debug */ = {
			isa = XCBuildConfiguration;
			buildSettings = {
				ASSETCATALOG_COMPILER_GLOBAL_ACCENT_COLOR_NAME = AccentColor;
				ASSETCATALOG_COMPILER_WIDGET_BACKGROUND_COLOR_NAME = WidgetBackground;
				CODE_SIGN_STYLE = Automatic;
				CURRENT_PROJECT_VERSION = 1;
				GENERATE_INFOPLIST_FILE = YES;
				INFOPLIST_FILE = "Streak Widget/Info.plist";
				INFOPLIST_KEY_CFBundleDisplayName = "Streak Widget";
				INFOPLIST_KEY_NSHumanReadableCopyright = "";
				LD_RUNPATH_SEARCH_PATHS = (
					"$(inherited)",
					"@executable_path/Frameworks",
					"@executable_path/../../Frameworks",
				);
				MARKETING_VERSION = 1.0;
				PRODUCT_BUNDLE_IDENTIFIER = "BB.Brush-Buddies.Streak-Widget";
				PRODUCT_NAME = "$(TARGET_NAME)";
				SKIP_INSTALL = YES;
				SWIFT_EMIT_LOC_STRINGS = YES;
				SWIFT_VERSION = 5.0;
				TARGETED_DEVICE_FAMILY = "1,2";
			};
			name = Debug;
		};
		0456A8712BEF015400FA07F7 /* Release */ = {
			isa = XCBuildConfiguration;
			buildSettings = {
				ASSETCATALOG_COMPILER_GLOBAL_ACCENT_COLOR_NAME = AccentColor;
				ASSETCATALOG_COMPILER_WIDGET_BACKGROUND_COLOR_NAME = WidgetBackground;
				CODE_SIGN_STYLE = Automatic;
				CURRENT_PROJECT_VERSION = 1;
				GENERATE_INFOPLIST_FILE = YES;
				INFOPLIST_FILE = "Streak Widget/Info.plist";
				INFOPLIST_KEY_CFBundleDisplayName = "Streak Widget";
				INFOPLIST_KEY_NSHumanReadableCopyright = "";
				LD_RUNPATH_SEARCH_PATHS = (
					"$(inherited)",
					"@executable_path/Frameworks",
					"@executable_path/../../Frameworks",
				);
				MARKETING_VERSION = 1.0;
				PRODUCT_BUNDLE_IDENTIFIER = "BB.Brush-Buddies.Streak-Widget";
				PRODUCT_NAME = "$(TARGET_NAME)";
				SKIP_INSTALL = YES;
				SWIFT_EMIT_LOC_STRINGS = YES;
				SWIFT_VERSION = 5.0;
				TARGETED_DEVICE_FAMILY = "1,2";
			};
			name = Release;
		};
/* End XCBuildConfiguration section */

/* Begin XCConfigurationList section */
		0456A80A2BEEF8EB00FA07F7 /* Build configuration list for PBXProject "Brush Buddies" */ = {
			isa = XCConfigurationList;
			buildConfigurations = (
				0456A81B2BEEF8ED00FA07F7 /* Debug */,
				0456A81C2BEEF8ED00FA07F7 /* Release */,
			);
			defaultConfigurationIsVisible = 0;
			defaultConfigurationName = Release;
		};
		0456A81D2BEEF8ED00FA07F7 /* Build configuration list for PBXNativeTarget "Brush Buddies" */ = {
			isa = XCConfigurationList;
			buildConfigurations = (
				0456A81E2BEEF8ED00FA07F7 /* Debug */,
				0456A81F2BEEF8ED00FA07F7 /* Release */,
			);
			defaultConfigurationIsVisible = 0;
			defaultConfigurationName = Release;
		};
		0456A8722BEF015400FA07F7 /* Build configuration list for PBXNativeTarget "Streak WidgetExtension" */ = {
			isa = XCConfigurationList;
			buildConfigurations = (
				0456A8702BEF015400FA07F7 /* Debug */,
				0456A8712BEF015400FA07F7 /* Release */,
			);
			defaultConfigurationIsVisible = 0;
			defaultConfigurationName = Release;
		};
/* End XCConfigurationList section */
	};
	rootObject = 0456A8072BEEF8EB00FA07F7 /* Project object */;
}
